
Microsoft Visual Studio Solution File, Format Version 12.00
# Visual Studio Version 16
VisualStudioVersion = 16.0.31410.357
MinimumVisualStudioVersion = 10.0.40219.1
Project("{9A19103F-16F7-4668-BE54-9A1E7A4F7556}") = "WebApiAPP", "WebApiAPP\WebApiAPP.csproj", "{10EB7503-1D94-47D9-89B1-F6C18188EC5D}"
EndProject
Project("{9A19103F-16F7-4668-BE54-9A1E7A4F7556}") = "Migrations", "Migrations\Migrations.csproj", "{111665EF-4023-4DB2-8D53-9BD9D26B0F9A}"
EndProject
Project("{9A19103F-16F7-4668-BE54-9A1E7A4F7556}") = "DataLayer", "DataLayer\DataLayer.csproj", "{5A5D317E-32A1-4493-8856-8D80273B0AE5}"
EndProject
Project("{9A19103F-16F7-4668-BE54-9A1E7A4F7556}") = "BusinessLogicLayer", "BusinessLogicLayer\BusinessLogicLayer.csproj", "{1B8C2D93-C0C6-4BD4-B64D-171C49FB9E58}"
EndProject
Project("{FAE04EC0-301F-11D3-BF4B-00C04F79EFBC}") = "WebApiAPP_Test", "Logic_Test\WebApiAPP_Test.csproj", "{EBB80A1A-3A10-4CE0-984B-582003730954}"
EndProject
Global
	GlobalSection(SolutionConfigurationPlatforms) = preSolution
		Debug|Any CPU = Debug|Any CPU
		Release|Any CPU = Release|Any CPU
	EndGlobalSection
	GlobalSection(ProjectConfigurationPlatforms) = postSolution
		{10EB7503-1D94-47D9-89B1-F6C18188EC5D}.Debug|Any CPU.ActiveCfg = Debug|Any CPU
		{10EB7503-1D94-47D9-89B1-F6C18188EC5D}.Debug|Any CPU.Build.0 = Debug|Any CPU
		{10EB7503-1D94-47D9-89B1-F6C18188EC5D}.Release|Any CPU.ActiveCfg = Release|Any CPU
		{10EB7503-1D94-47D9-89B1-F6C18188EC5D}.Release|Any CPU.Build.0 = Release|Any CPU
		{111665EF-4023-4DB2-8D53-9BD9D26B0F9A}.Debug|Any CPU.ActiveCfg = Debug|Any CPU
		{111665EF-4023-4DB2-8D53-9BD9D26B0F9A}.Debug|Any CPU.Build.0 = Debug|Any CPU
		{111665EF-4023-4DB2-8D53-9BD9D26B0F9A}.Release|Any CPU.ActiveCfg = Release|Any CPU
		{111665EF-4023-4DB2-8D53-9BD9D26B0F9A}.Release|Any CPU.Build.0 = Release|Any CPU
		{5A5D317E-32A1-4493-8856-8D80273B0AE5}.Debug|Any CPU.ActiveCfg = Debug|Any CPU
		{5A5D317E-32A1-4493-8856-8D80273B0AE5}.Debug|Any CPU.Build.0 = Debug|Any CPU
		{5A5D317E-32A1-4493-8856-8D80273B0AE5}.Release|Any CPU.ActiveCfg = Release|Any CPU
		{5A5D317E-32A1-4493-8856-8D80273B0AE5}.Release|Any CPU.Build.0 = Release|Any CPU
		{1B8C2D93-C0C6-4BD4-B64D-171C49FB9E58}.Debug|Any CPU.ActiveCfg = Debug|Any CPU
		{1B8C2D93-C0C6-4BD4-B64D-171C49FB9E58}.Debug|Any CPU.Build.0 = Debug|Any CPU
		{1B8C2D93-C0C6-4BD4-B64D-171C49FB9E58}.Release|Any CPU.ActiveCfg = Release|Any CPU
		{1B8C2D93-C0C6-4BD4-B64D-171C49FB9E58}.Release|Any CPU.Build.0 = Release|Any CPU
		{EBB80A1A-3A10-4CE0-984B-582003730954}.Debug|Any CPU.ActiveCfg = Debug|Any CPU
		{EBB80A1A-3A10-4CE0-984B-582003730954}.Debug|Any CPU.Build.0 = Debug|Any CPU
		{EBB80A1A-3A10-4CE0-984B-582003730954}.Release|Any CPU.ActiveCfg = Release|Any CPU
		{EBB80A1A-3A10-4CE0-984B-582003730954}.Release|Any CPU.Build.0 = Release|Any CPU
	EndGlobalSection
	GlobalSection(SolutionProperties) = preSolution
		HideSolutionNode = FALSE
	EndGlobalSection
	GlobalSection(ExtensibilityGlobals) = postSolution
		SolutionGuid = {BB162272-58C4-4B25-80FE-B6C91069B274}
	EndGlobalSection
EndGlobal
